
Microsoft Visual Studio Solution File, Format Version 12.00
# Visual Studio 15
VisualStudioVersion = 15.0.28010.2048
MinimumVisualStudioVersion = 10.0.40219.1
Project("{8BC9CEB8-8B4A-11D0-8D11-00A0C91BC942}") = "MySet", "MySet\MySet.vcxproj", "{735AE727-44F7-4D0F-82E0-1ECA65EDBE77}"
EndProject
Project("{8BC9CEB8-8B4A-11D0-8D11-00A0C91BC942}") = "Console", "Console\Console.vcxproj", "{72FC3C68-8AF8-41C1-B2C1-2CFD159EB5AC}"
EndProject
Project("{8BC9CEB8-8B4A-11D0-8D11-00A0C91BC942}") = "UnitTest1", "UnitTest1\UnitTest1.vcxproj", "{15B5F489-FE6B-472C-98ED-CDDB8EA00351}"
EndProject
Global
	GlobalSection(SolutionConfigurationPlatforms) = preSolution
		Debug|x64 = Debug|x64
		Debug|x86 = Debug|x86
		Release|x64 = Release|x64
		Release|x86 = Release|x86
	EndGlobalSection
	GlobalSection(ProjectConfigurationPlatforms) = postSolution
		{735AE727-44F7-4D0F-82E0-1ECA65EDBE77}.Debug|x64.ActiveCfg = Debug|x64
		{735AE727-44F7-4D0F-82E0-1ECA65EDBE77}.Debug|x64.Build.0 = Debug|x64
		{735AE727-44F7-4D0F-82E0-1ECA65EDBE77}.Debug|x86.ActiveCfg = Debug|Win32
		{735AE727-44F7-4D0F-82E0-1ECA65EDBE77}.Debug|x86.Build.0 = Debug|Win32
		{735AE727-44F7-4D0F-82E0-1ECA65EDBE77}.Release|x64.ActiveCfg = Release|x64
		{735AE727-44F7-4D0F-82E0-1ECA65EDBE77}.Release|x64.Build.0 = Release|x64
		{735AE727-44F7-4D0F-82E0-1ECA65EDBE77}.Release|x86.ActiveCfg = Release|Win32
		{735AE727-44F7-4D0F-82E0-1ECA65EDBE77}.Release|x86.Build.0 = Release|Win32
		{72FC3C68-8AF8-41C1-B2C1-2CFD159EB5AC}.Debug|x64.ActiveCfg = Debug|x64
		{72FC3C68-8AF8-41C1-B2C1-2CFD159EB5AC}.Debug|x64.Build.0 = Debug|x64
		{72FC3C68-8AF8-41C1-B2C1-2CFD159EB5AC}.Debug|x86.ActiveCfg = Debug|Win32
		{72FC3C68-8AF8-41C1-B2C1-2CFD159EB5AC}.Debug|x86.Build.0 = Debug|Win32
		{72FC3C68-8AF8-41C1-B2C1-2CFD159EB5AC}.Release|x64.ActiveCfg = Release|x64
		{72FC3C68-8AF8-41C1-B2C1-2CFD159EB5AC}.Release|x64.Build.0 = Release|x64
		{72FC3C68-8AF8-41C1-B2C1-2CFD159EB5AC}.Release|x86.ActiveCfg = Release|Win32
		{72FC3C68-8AF8-41C1-B2C1-2CFD159EB5AC}.Release|x86.Build.0 = Release|Win32
		{15B5F489-FE6B-472C-98ED-CDDB8EA00351}.Debug|x64.ActiveCfg = Debug|x64
		{15B5F489-FE6B-472C-98ED-CDDB8EA00351}.Debug|x64.Build.0 = Debug|x64
		{15B5F489-FE6B-472C-98ED-CDDB8EA00351}.Debug|x86.ActiveCfg = Debug|Win32
		{15B5F489-FE6B-472C-98ED-CDDB8EA00351}.Debug|x86.Build.0 = Debug|Win32
		{15B5F489-FE6B-472C-98ED-CDDB8EA00351}.Release|x64.ActiveCfg = Release|x64
		{15B5F489-FE6B-472C-98ED-CDDB8EA00351}.Release|x64.Build.0 = Release|x64
		{15B5F489-FE6B-472C-98ED-CDDB8EA00351}.Release|x86.ActiveCfg = Release|Win32
		{15B5F489-FE6B-472C-98ED-CDDB8EA00351}.Release|x86.Build.0 = Release|Win32
	EndGlobalSection
	GlobalSection(SolutionProperties) = preSolution
		HideSolutionNode = FALSE
	EndGlobalSection
	GlobalSection(ExtensibilityGlobals) = postSolution
		SolutionGuid = {4F1CF8C4-2940-4B60-84A7-C388D9A68456}
	EndGlobalSection
EndGlobal
